
Microsoft Visual Studio Solution File, Format Version 12.00
# Visual Studio Version 17
VisualStudioVersion = 17.10.34928.147
MinimumVisualStudioVersion = 10.0.40219.1
Project("{FAE04EC0-301F-11D3-BF4B-00C04F79EFBC}") = "dotNetAdvent2024", "dotNetAdvent2024.csproj", "{0FAAB64F-81DD-4C59-B625-8C89E913877C}"
EndProject
Global
	GlobalSection(SolutionConfigurationPlatforms) = preSolution
		Debug|Any CPU = Debug|Any CPU
		Release|Any CPU = Release|Any CPU
	EndGlobalSection
	GlobalSection(ProjectConfigurationPlatforms) = postSolution
		{0FAAB64F-81DD-4C59-B625-8C89E913877C}.Debug|Any CPU.ActiveCfg = Debug|Any CPU
		{0FAAB64F-81DD-4C59-B625-8C89E913877C}.Debug|Any CPU.Build.0 = Debug|Any CPU
		{0FAAB64F-81DD-4C59-B625-8C89E913877C}.Release|Any CPU.ActiveCfg = Release|Any CPU
		{0FAAB64F-81DD-4C59-B625-8C89E913877C}.Release|Any CPU.Build.0 = Release|Any CPU
	EndGlobalSection
	GlobalSection(SolutionProperties) = preSolution
		HideSolutionNode = FALSE
	EndGlobalSection
	GlobalSection(ExtensibilityGlobals) = postSolution
		SolutionGuid = {8FD5950F-0AC3-4537-952B-BB6C43BD2B2D}
	EndGlobalSection
EndGlobal
